// !$*UTF8*$!
{
	archiveVersion = 1;
	classes = {
	};
	objectVersion = 56;
	objects = {

/* Begin PBXBuildFile section */
		3A2D8BE92BAE14710051C3B8 /* GalacticGourmetDemoApp.swift in Sources */ = {isa = PBXBuildFile; fileRef = 3A2D8BE82BAE14710051C3B8 /* GalacticGourmetDemoApp.swift */; };
		3A2D8BEB2BAE14710051C3B8 /* ContentView.swift in Sources */ = {isa = PBXBuildFile; fileRef = 3A2D8BEA2BAE14710051C3B8 /* ContentView.swift */; };
		3A2D8BED2BAE14710051C3B8 /* Item.swift in Sources */ = {isa = PBXBuildFile; fileRef = 3A2D8BEC2BAE14710051C3B8 /* Item.swift */; };
		3A2D8BEF2BAE14730051C3B8 /* Assets.xcassets in Resources */ = {isa = PBXBuildFile; fileRef = 3A2D8BEE2BAE14730051C3B8 /* Assets.xcassets */; };
		3A2D8BF32BAE14730051C3B8 /* Preview Assets.xcassets in Resources */ = {isa = PBXBuildFile; fileRef = 3A2D8BF22BAE14730051C3B8 /* Preview Assets.xcassets */; };
		3A2D8BFF2BAEAD8F0051C3B8 /* GalacticGourmetKit in Frameworks */ = {isa = PBXBuildFile; productRef = 3A2D8BFE2BAEAD8F0051C3B8 /* GalacticGourmetKit */; };
		3A2D8C012BB1D1490051C3B8 /* recipes.json in Resources */ = {isa = PBXBuildFile; fileRef = 3A2D8C002BB1D1490051C3B8 /* recipes.json */; };
		3A2D8C032BB1D2670051C3B8 /* RecipeLoader.swift in Sources */ = {isa = PBXBuildFile; fileRef = 3A2D8C022BB1D2670051C3B8 /* RecipeLoader.swift */; };
/* End PBXBuildFile section */

/* Begin PBXFileReference section */
		3A2D8BE52BAE14710051C3B8 /* GalacticGourmetDemo.app */ = {isa = PBXFileReference; explicitFileType = wrapper.application; includeInIndex = 0; path = GalacticGourmetDemo.app; sourceTree = BUILT_PRODUCTS_DIR; };
		3A2D8BE82BAE14710051C3B8 /* GalacticGourmetDemoApp.swift */ = {isa = PBXFileReference; lastKnownFileType = sourcecode.swift; path = GalacticGourmetDemoApp.swift; sourceTree = "<group>"; };
		3A2D8BEA2BAE14710051C3B8 /* ContentView.swift */ = {isa = PBXFileReference; lastKnownFileType = sourcecode.swift; path = ContentView.swift; sourceTree = "<group>"; };
		3A2D8BEC2BAE14710051C3B8 /* Item.swift */ = {isa = PBXFileReference; lastKnownFileType = sourcecode.swift; path = Item.swift; sourceTree = "<group>"; };
		3A2D8BEE2BAE14730051C3B8 /* Assets.xcassets */ = {isa = PBXFileReference; lastKnownFileType = folder.assetcatalog; path = Assets.xcassets; sourceTree = "<group>"; };
		3A2D8BF02BAE14730051C3B8 /* GalacticGourmetDemo.entitlements */ = {isa = PBXFileReference; lastKnownFileType = text.plist.entitlements; path = GalacticGourmetDemo.entitlements; sourceTree = "<group>"; };
		3A2D8BF22BAE14730051C3B8 /* Preview Assets.xcassets */ = {isa = PBXFileReference; lastKnownFileType = folder.assetcatalog; path = "Preview Assets.xcassets"; sourceTree = "<group>"; };
		3A2D8BFC2BAEAD650051C3B8 /* GalacticGourmetKit */ = {isa = PBXFileReference; lastKnownFileType = wrapper; path = GalacticGourmetKit; sourceTree = "<group>"; };
		3A2D8C002BB1D1490051C3B8 /* recipes.json */ = {isa = PBXFileReference; fileEncoding = 4; lastKnownFileType = text.json; path = recipes.json; sourceTree = "<group>"; };
		3A2D8C022BB1D2670051C3B8 /* RecipeLoader.swift */ = {isa = PBXFileReference; lastKnownFileType = sourcecode.swift; path = RecipeLoader.swift; sourceTree = "<group>"; };
/* End PBXFileReference section */

/* Begin PBXFrameworksBuildPhase section */
		3A2D8BE22BAE14710051C3B8 /* Frameworks */ = {
			isa = PBXFrameworksBuildPhase;
			buildActionMask = 2147483647;
			files = (
				3A2D8BFF2BAEAD8F0051C3B8 /* GalacticGourmetKit in Frameworks */,
			);
			runOnlyForDeploymentPostprocessing = 0;
		};
/* End PBXFrameworksBuildPhase section */

/* Begin PBXGroup section */
		3A2D8BDC2BAE14710051C3B8 = {
			isa = PBXGroup;
			children = (
				3A2D8BFC2BAEAD650051C3B8 /* GalacticGourmetKit */,
				3A2D8BE72BAE14710051C3B8 /* GalacticGourmetDemo */,
				3A2D8BE62BAE14710051C3B8 /* Products */,
				3A2D8BFD2BAEAD8F0051C3B8 /* Frameworks */,
			);
			sourceTree = "<group>";
		};
		3A2D8BE62BAE14710051C3B8 /* Products */ = {
			isa = PBXGroup;
			children = (
				3A2D8BE52BAE14710051C3B8 /* GalacticGourmetDemo.app */,
			);
			name = Products;
			sourceTree = "<group>";
		};
		3A2D8BE72BAE14710051C3B8 /* GalacticGourmetDemo */ = {
			isa = PBXGroup;
			children = (
				3A2D8BE82BAE14710051C3B8 /* GalacticGourmetDemoApp.swift */,
				3A2D8C022BB1D2670051C3B8 /* RecipeLoader.swift */,
				3A2D8C002BB1D1490051C3B8 /* recipes.json */,
				3A2D8BFB2BAEACD60051C3B8 /* Default */,
				3A2D8BEE2BAE14730051C3B8 /* Assets.xcassets */,
				3A2D8BF02BAE14730051C3B8 /* GalacticGourmetDemo.entitlements */,
				3A2D8BF12BAE14730051C3B8 /* Preview Content */,
			);
			path = GalacticGourmetDemo;
			sourceTree = "<group>";
		};
		3A2D8BF12BAE14730051C3B8 /* Preview Content */ = {
			isa = PBXGroup;
			children = (
				3A2D8BF22BAE14730051C3B8 /* Preview Assets.xcassets */,
			);
			path = "Preview Content";
			sourceTree = "<group>";
		};
		3A2D8BFB2BAEACD60051C3B8 /* Default */ = {
			isa = PBXGroup;
			children = (
				3A2D8BEA2BAE14710051C3B8 /* ContentView.swift */,
				3A2D8BEC2BAE14710051C3B8 /* Item.swift */,
			);
			path = Default;
			sourceTree = "<group>";
		};
		3A2D8BFD2BAEAD8F0051C3B8 /* Frameworks */ = {
			isa = PBXGroup;
			children = (
			);
			name = Frameworks;
			sourceTree = "<group>";
		};
/* End PBXGroup section */

/* Begin PBXNativeTarget section */
		3A2D8BE42BAE14710051C3B8 /* GalacticGourmetDemo */ = {
			isa = PBXNativeTarget;
			buildConfigurationList = 3A2D8BF62BAE14730051C3B8 /* Build configuration list for PBXNativeTarget "GalacticGourmetDemo" */;
			buildPhases = (
				3A2D8BE12BAE14710051C3B8 /* Sources */,
				3A2D8BE22BAE14710051C3B8 /* Frameworks */,
				3A2D8BE32BAE14710051C3B8 /* Resources */,
			);
			buildRules = (
			);
			dependencies = (
			);
			name = GalacticGourmetDemo;
			packageProductDependencies = (
				3A2D8BFE2BAEAD8F0051C3B8 /* GalacticGourmetKit */,
			);
			productName = GalacticGourmetDemo;
			productReference = 3A2D8BE52BAE14710051C3B8 /* GalacticGourmetDemo.app */;
			productType = "com.apple.product-type.application";
		};
/* End PBXNativeTarget section */

/* Begin PBXProject section */
		3A2D8BDD2BAE14710051C3B8 /* Project object */ = {
			isa = PBXProject;
			attributes = {
				BuildIndependentTargetsInParallel = 1;
				LastSwiftUpdateCheck = 1530;
				LastUpgradeCheck = 1530;
				TargetAttributes = {
					3A2D8BE42BAE14710051C3B8 = {
						CreatedOnToolsVersion = 15.3;
					};
				};
			};
			buildConfigurationList = 3A2D8BE02BAE14710051C3B8 /* Build configuration list for PBXProject "GalacticGourmetDemo" */;
			compatibilityVersion = "Xcode 14.0";
			developmentRegion = en;
			hasScannedForEncodings = 0;
			knownRegions = (
				en,
				Base,
			);
			mainGroup = 3A2D8BDC2BAE14710051C3B8;
			productRefGroup = 3A2D8BE62BAE14710051C3B8 /* Products */;
			projectDirPath = "";
			projectRoot = "";
			targets = (
				3A2D8BE42BAE14710051C3B8 /* GalacticGourmetDemo */,
			);
		};
/* End PBXProject section */

/* Begin PBXResourcesBuildPhase section */
		3A2D8BE32BAE14710051C3B8 /* Resources */ = {
			isa = PBXResourcesBuildPhase;
			buildActionMask = 2147483647;
			files = (
				3A2D8BF32BAE14730051C3B8 /* Preview Assets.xcassets in Resources */,
				3A2D8C012BB1D1490051C3B8 /* recipes.json in Resources */,
				3A2D8BEF2BAE14730051C3B8 /* Assets.xcassets in Resources */,
			);
			runOnlyForDeploymentPostprocessing = 0;
		};
/* End PBXResourcesBuildPhase section */

/* Begin PBXSourcesBuildPhase section */
		3A2D8BE12BAE14710051C3B8 /* Sources */ = {
			isa = PBXSourcesBuildPhase;
			buildActionMask = 2147483647;
			files = (
				3A2D8C032BB1D2670051C3B8 /* RecipeLoader.swift in Sources */,
				3A2D8BEB2BAE14710051C3B8 /* ContentView.swift in Sources */,
				3A2D8BED2BAE14710051C3B8 /* Item.swift in Sources */,
				3A2D8BE92BAE14710051C3B8 /* GalacticGourmetDemoApp.swift in Sources */,
			);
			runOnlyForDeploymentPostprocessing = 0;
		};
/* End PBXSourcesBuildPhase section */

/* Begin XCBuildConfiguration section */
		3A2D8BF42BAE14730051C3B8 /* Debug */ = {
			isa = XCBuildConfiguration;
			buildSettings = {
				ALWAYS_SEARCH_USER_PATHS = NO;
				ASSETCATALOG_COMPILER_GENERATE_SWIFT_ASSET_SYMBOL_EXTENSIONS = YES;
				CLANG_ANALYZER_NONNULL = YES;
				CLANG_ANALYZER_NUMBER_OBJECT_CONVERSION = YES_AGGRESSIVE;
				CLANG_CXX_LANGUAGE_STANDARD = "gnu++20";
				CLANG_ENABLE_MODULES = YES;
				CLANG_ENABLE_OBJC_ARC = YES;
				CLANG_ENABLE_OBJC_WEAK = YES;
				CLANG_WARN_BLOCK_CAPTURE_AUTORELEASING = YES;
				CLANG_WARN_BOOL_CONVERSION = YES;
				CLANG_WARN_COMMA = YES;
				CLANG_WARN_CONSTANT_CONVERSION = YES;
				CLANG_WARN_DEPRECATED_OBJC_IMPLEMENTATIONS = YES;
				CLANG_WARN_DIRECT_OBJC_ISA_USAGE = YES_ERROR;
				CLANG_WARN_DOCUMENTATION_COMMENTS = YES;
				CLANG_WARN_EMPTY_BODY = YES;
				CLANG_WARN_ENUM_CONVERSION = YES;
				CLANG_WARN_INFINITE_RECURSION = YES;
				CLANG_WARN_INT_CONVERSION = YES;
				CLANG_WARN_NON_LITERAL_NULL_CONVERSION = YES;
				CLANG_WARN_OBJC_IMPLICIT_RETAIN_SELF = YES;
				CLANG_WARN_OBJC_LITERAL_CONVERSION = YES;
				CLANG_WARN_OBJC_ROOT_CLASS = YES_ERROR;
				CLANG_WARN_QUOTED_INCLUDE_IN_FRAMEWORK_HEADER = YES;
				CLANG_WARN_RANGE_LOOP_ANALYSIS = YES;
				CLANG_WARN_STRICT_PROTOTYPES = YES;
				CLANG_WARN_SUSPICIOUS_MOVE = YES;
				CLANG_WARN_UNGUARDED_AVAILABILITY = YES_AGGRESSIVE;
				CLANG_WARN_UNREACHABLE_CODE = YES;
				CLANG_WARN__DUPLICATE_METHOD_MATCH = YES;
				COPY_PHASE_STRIP = NO;
				DEBUG_INFORMATION_FORMAT = dwarf;
				ENABLE_STRICT_OBJC_MSGSEND = YES;
				ENABLE_TESTABILITY = YES;
				ENABLE_USER_SCRIPT_SANDBOXING = YES;
				GCC_C_LANGUAGE_STANDARD = gnu17;
				GCC_DYNAMIC_NO_PIC = NO;
				GCC_NO_COMMON_BLOCKS = YES;
				GCC_OPTIMIZATION_LEVEL = 0;
				GCC_PREPROCESSOR_DEFINITIONS = (
					"DEBUG=1",
					"$(inherited)",
				);
				GCC_WARN_64_TO_32_BIT_CONVERSION = YES;
				GCC_WARN_ABOUT_RETURN_TYPE = YES_ERROR;
				GCC_WARN_UNDECLARED_SELECTOR = YES;
				GCC_WARN_UNINITIALIZED_AUTOS = YES_AGGRESSIVE;
				GCC_WARN_UNUSED_FUNCTION = YES;
				GCC_WARN_UNUSED_VARIABLE = YES;
				LOCALIZATION_PREFERS_STRING_CATALOGS = YES;
				MTL_ENABLE_DEBUG_INFO = INCLUDE_SOURCE;
				MTL_FAST_MATH = YES;
				ONLY_ACTIVE_ARCH = YES;
				SWIFT_ACTIVE_COMPILATION_CONDITIONS = "DEBUG $(inherited)";
				SWIFT_OPTIMIZATION_LEVEL = "-Onone";
			};
			name = Debug;
		};
		3A2D8BF52BAE14730051C3B8 /* Release */ = {
			isa = XCBuildConfiguration;
			buildSettings = {
				ALWAYS_SEARCH_USER_PATHS = NO;
				ASSETCATALOG_COMPILER_GENERATE_SWIFT_ASSET_SYMBOL_EXTENSIONS = YES;
				CLANG_ANALYZER_NONNULL = YES;
				CLANG_ANALYZER_NUMBER_OBJECT_CONVERSION = YES_AGGRESSIVE;
				CLANG_CXX_LANGUAGE_STANDARD = "gnu++20";
				CLANG_ENABLE_MODULES = YES;
				CLANG_ENABLE_OBJC_ARC = YES;
				CLANG_ENABLE_OBJC_WEAK = YES;
				CLANG_WARN_BLOCK_CAPTURE_AUTORELEASING = YES;
				CLANG_WARN_BOOL_CONVERSION = YES;
				CLANG_WARN_COMMA = YES;
				CLANG_WARN_CONSTANT_CONVERSION = YES;
				CLANG_WARN_DEPRECATED_OBJC_IMPLEMENTATIONS = YES;
				CLANG_WARN_DIRECT_OBJC_ISA_USAGE = YES_ERROR;
				CLANG_WARN_DOCUMENTATION_COMMENTS = YES;
				CLANG_WARN_EMPTY_BODY = YES;
				CLANG_WARN_ENUM_CONVERSION = YES;
				CLANG_WARN_INFINITE_RECURSION = YES;
				CLANG_WARN_INT_CONVERSION = YES;
				CLANG_WARN_NON_LITERAL_NULL_CONVERSION = YES;
				CLANG_WARN_OBJC_IMPLICIT_RETAIN_SELF = YES;
				CLANG_WARN_OBJC_LITERAL_CONVERSION = YES;
				CLANG_WARN_OBJC_ROOT_CLASS = YES_ERROR;
				CLANG_WARN_QUOTED_INCLUDE_IN_FRAMEWORK_HEADER = YES;
				CLANG_WARN_RANGE_LOOP_ANALYSIS = YES;
				CLANG_WARN_STRICT_PROTOTYPES = YES;
				CLANG_WARN_SUSPICIOUS_MOVE = YES;
				CLANG_WARN_UNGUARDED_AVAILABILITY = YES_AGGRESSIVE;
				CLANG_WARN_UNREACHABLE_CODE = YES;
				CLANG_WARN__DUPLICATE_METHOD_MATCH = YES;
				COPY_PHASE_STRIP = NO;
				DEBUG_INFORMATION_FORMAT = "dwarf-with-dsym";
				ENABLE_NS_ASSERTIONS = NO;
				ENABLE_STRICT_OBJC_MSGSEND = YES;
				ENABLE_USER_SCRIPT_SANDBOXING = YES;
				GCC_C_LANGUAGE_STANDARD = gnu17;
				GCC_NO_COMMON_BLOCKS = YES;
				GCC_WARN_64_TO_32_BIT_CONVERSION = YES;
				GCC_WARN_ABOUT_RETURN_TYPE = YES_ERROR;
				GCC_WARN_UNDECLARED_SELECTOR = YES;
				GCC_WARN_UNINITIALIZED_AUTOS = YES_AGGRESSIVE;
				GCC_WARN_UNUSED_FUNCTION = YES;
				GCC_WARN_UNUSED_VARIABLE = YES;
				LOCALIZATION_PREFERS_STRING_CATALOGS = YES;
				MTL_ENABLE_DEBUG_INFO = NO;
				MTL_FAST_MATH = YES;
				SWIFT_COMPILATION_MODE = wholemodule;
			};
			name = Release;
		};
		3A2D8BF72BAE14730051C3B8 /* Debug */ = {
			isa = XCBuildConfiguration;
			buildSettings = {
				ASSETCATALOG_COMPILER_APPICON_NAME = AppIcon;
				ASSETCATALOG_COMPILER_GLOBAL_ACCENT_COLOR_NAME = AccentColor;
				CODE_SIGN_ENTITLEMENTS = GalacticGourmetDemo/GalacticGourmetDemo.entitlements;
				CODE_SIGN_STYLE = Automatic;
				CURRENT_PROJECT_VERSION = 1;
				DEVELOPMENT_ASSET_PATHS = "\"GalacticGourmetDemo/Preview Content\"";
				DEVELOPMENT_TEAM = XGBMX3C35J;
				ENABLE_HARDENED_RUNTIME = YES;
				ENABLE_PREVIEWS = YES;
				GENERATE_INFOPLIST_FILE = YES;
				"INFOPLIST_KEY_UIApplicationSceneManifest_Generation[sdk=iphoneos*]" = YES;
				"INFOPLIST_KEY_UIApplicationSceneManifest_Generation[sdk=iphonesimulator*]" = YES;
				"INFOPLIST_KEY_UIApplicationSupportsIndirectInputEvents[sdk=iphoneos*]" = YES;
				"INFOPLIST_KEY_UIApplicationSupportsIndirectInputEvents[sdk=iphonesimulator*]" = YES;
				"INFOPLIST_KEY_UILaunchScreen_Generation[sdk=iphoneos*]" = YES;
				"INFOPLIST_KEY_UILaunchScreen_Generation[sdk=iphonesimulator*]" = YES;
				"INFOPLIST_KEY_UIStatusBarStyle[sdk=iphoneos*]" = UIStatusBarStyleDefault;
				"INFOPLIST_KEY_UIStatusBarStyle[sdk=iphonesimulator*]" = UIStatusBarStyleDefault;
				INFOPLIST_KEY_UISupportedInterfaceOrientations_iPad = "UIInterfaceOrientationPortrait UIInterfaceOrientationPortraitUpsideDown UIInterfaceOrientationLandscapeLeft UIInterfaceOrientationLandscapeRight";
				INFOPLIST_KEY_UISupportedInterfaceOrientations_iPhone = "UIInterfaceOrientationPortrait UIInterfaceOrientationLandscapeLeft UIInterfaceOrientationLandscapeRight";
				IPHONEOS_DEPLOYMENT_TARGET = 17.4;
				LD_RUNPATH_SEARCH_PATHS = "@executable_path/Frameworks";
				"LD_RUNPATH_SEARCH_PATHS[sdk=macosx*]" = "@executable_path/../Frameworks";
				MACOSX_DEPLOYMENT_TARGET = 14.0;
				MARKETING_VERSION = 1.0;
				PRODUCT_BUNDLE_IDENTIFIER = com.bilescu.CookBookDemo.GalacticGourmetDemo;
				PRODUCT_NAME = "$(TARGET_NAME)";
				SDKROOT = auto;
				SUPPORTED_PLATFORMS = "iphoneos iphonesimulator macosx";
				SWIFT_EMIT_LOC_STRINGS = YES;
				SWIFT_VERSION = 5.0;
				TARGETED_DEVICE_FAMILY = "1,2";
			};
			name = Debug;
		};
		3A2D8BF82BAE14730051C3B8 /* Release */ = {
			isa = XCBuildConfiguration;
			buildSettings = {
				ASSETCATALOG_COMPILER_APPICON_NAME = AppIcon;
				ASSETCATALOG_COMPILER_GLOBAL_ACCENT_COLOR_NAME = AccentColor;
				CODE_SIGN_ENTITLEMENTS = GalacticGourmetDemo/GalacticGourmetDemo.entitlements;
				CODE_SIGN_STYLE = Automatic;
				CURRENT_PROJECT_VERSION = 1;
				DEVELOPMENT_ASSET_PATHS = "\"GalacticGourmetDemo/Preview Content\"";
				DEVELOPMENT_TEAM = XGBMX3C35J;
				ENABLE_HARDENED_RUNTIME = YES;
				ENABLE_PREVIEWS = YES;
				GENERATE_INFOPLIST_FILE = YES;
				"INFOPLIST_KEY_UIApplicationSceneManifest_Generation[sdk=iphoneos*]" = YES;
				"INFOPLIST_KEY_UIApplicationSceneManifest_Generation[sdk=iphonesimulator*]" = YES;
				"INFOPLIST_KEY_UIApplicationSupportsIndirectInputEvents[sdk=iphoneos*]" = YES;
				"INFOPLIST_KEY_UIApplicationSupportsIndirectInputEvents[sdk=iphonesimulator*]" = YES;
				"INFOPLIST_KEY_UILaunchScreen_Generation[sdk=iphoneos*]" = YES;
				"INFOPLIST_KEY_UILaunchScreen_Generation[sdk=iphonesimulator*]" = YES;
				"INFOPLIST_KEY_UIStatusBarStyle[sdk=iphoneos*]" = UIStatusBarStyleDefault;
				"INFOPLIST_KEY_UIStatusBarStyle[sdk=iphonesimulator*]" = UIStatusBarStyleDefault;
				INFOPLIST_KEY_UISupportedInterfaceOrientations_iPad = "UIInterfaceOrientationPortrait UIInterfaceOrientationPortraitUpsideDown UIInterfaceOrientationLandscapeLeft UIInterfaceOrientationLandscapeRight";
				INFOPLIST_KEY_UISupportedInterfaceOrientations_iPhone = "UIInterfaceOrientationPortrait UIInterfaceOrientationLandscapeLeft UIInterfaceOrientationLandscapeRight";
				IPHONEOS_DEPLOYMENT_TARGET = 17.4;
				LD_RUNPATH_SEARCH_PATHS = "@executable_path/Frameworks";
				"LD_RUNPATH_SEARCH_PATHS[sdk=macosx*]" = "@executable_path/../Frameworks";
				MACOSX_DEPLOYMENT_TARGET = 14.0;
				MARKETING_VERSION = 1.0;
				PRODUCT_BUNDLE_IDENTIFIER = com.bilescu.CookBookDemo.GalacticGourmetDemo;
				PRODUCT_NAME = "$(TARGET_NAME)";
				SDKROOT = auto;
				SUPPORTED_PLATFORMS = "iphoneos iphonesimulator macosx";
				SWIFT_EMIT_LOC_STRINGS = YES;
				SWIFT_VERSION = 5.0;
				TARGETED_DEVICE_FAMILY = "1,2";
			};
			name = Release;
		};
/* End XCBuildConfiguration section */

/* Begin XCConfigurationList section */
		3A2D8BE02BAE14710051C3B8 /* Build configuration list for PBXProject "GalacticGourmetDemo" */ = {
			isa = XCConfigurationList;
			buildConfigurations = (
				3A2D8BF42BAE14730051C3B8 /* Debug */,
				3A2D8BF52BAE14730051C3B8 /* Release */,
			);
			defaultConfigurationIsVisible = 0;
			defaultConfigurationName = Release;
		};
		3A2D8BF62BAE14730051C3B8 /* Build configuration list for PBXNativeTarget "GalacticGourmetDemo" */ = {
			isa = XCConfigurationList;
			buildConfigurations = (
				3A2D8BF72BAE14730051C3B8 /* Debug */,
				3A2D8BF82BAE14730051C3B8 /* Release */,
			);
			defaultConfigurationIsVisible = 0;
			defaultConfigurationName = Release;
		};
/* End XCConfigurationList section */

/* Begin XCSwiftPackageProductDependency section */
		3A2D8BFE2BAEAD8F0051C3B8 /* GalacticGourmetKit */ = {
			isa = XCSwiftPackageProductDependency;
			productName = GalacticGourmetKit;
		};
/* End XCSwiftPackageProductDependency section */
	};
	rootObject = 3A2D8BDD2BAE14710051C3B8 /* Project object */;
}
